{
  "originHash" : "f58d44f630ae260d9d5313760fdfdb5d08ddd6d7f3f8c561d6e7cb7cc8e12326",
  "pins" : [
    {
      "identity" : "orchestration-sdk-ios",
      "kind" : "remoteSourceControl",
      "location" : "https://github.com/adster-tech/orchestration-sdk-ios",
      "state" : {
        "revision" : "3671f9e156c28619602c54265cded892f530aceb",
        "version" : "1.0.10"
      }
    },
    {
      "identity" : "realm-core",
      "kind" : "remoteSourceControl",
      "location" : "https://github.com/realm/realm-core.git",
      "state" : {
        "revision" : "15493076ad9fef22c16cc64cbfbf9e5b65c385f9",
        "version" : "20.1.0"
      }
    },
    {
      "identity" : "realm-swift",
      "kind" : "remoteSourceControl",
      "location" : "https://github.com/realm/realm-swift.git",
      "state" : {
        "revision" : "f8d74e90eafa2ac0e760bc674b49f40b593b1483",
        "version" : "20.0.2"
      }
    }
  ],
  "version" : 3
}
