{
  "originHash" : "f58d44f630ae260d9d5313760fdfdb5d08ddd6d7f3f8c561d6e7cb7cc8e12326",
  "pins" : [
    {
      "identity" : "orchestration-sdk-ios",
      "kind" : "remoteSourceControl",
      "location" : "https://github.com/adster-tech/orchestration-sdk-ios",
      "state" : {
        "revision" : "c856fcca174cb9bc48ad86778351295a7457e288",
        "version" : "1.2.8"
      }
    }
  ],
  "version" : 3
}
