{
  "originHash" : "f58d44f630ae260d9d5313760fdfdb5d08ddd6d7f3f8c561d6e7cb7cc8e12326",
  "pins" : [
    {
      "identity" : "orchestration-sdk-ios",
      "kind" : "remoteSourceControl",
      "location" : "https://github.com/adster-tech/orchestration-sdk-ios",
      "state" : {
        "revision" : "ab7ea03dcec00b79e35a842f653f63febb3a8a6b",
        "version" : "1.2.4"
      }
    }
  ],
  "version" : 3
}
