{
  "originHash" : "f58d44f630ae260d9d5313760fdfdb5d08ddd6d7f3f8c561d6e7cb7cc8e12326",
  "pins" : [
    {
      "identity" : "orchestration-sdk-ios",
      "kind" : "remoteSourceControl",
      "location" : "https://github.com/adster-tech/orchestration-sdk-ios",
      "state" : {
        "revision" : "ecd423bae33765dc2eb1188a1633a1e5b636c1a2",
        "version" : "1.3.0"
      }
    }
  ],
  "version" : 3
}
